
Microsoft Visual Studio Solution File, Format Version 12.00
# Visual Studio Version 17
VisualStudioVersion = 17.10.35004.147
MinimumVisualStudioVersion = 10.0.40219.1
Project("{FAE04EC0-301F-11D3-BF4B-00C04F79EFBC}") = "CSharp_Math1", "CSharp_Math1.csproj", "{614CD8DC-0BC3-4637-AB6B-634FD337644A}"
EndProject
Global
	GlobalSection(SolutionConfigurationPlatforms) = preSolution
		Debug|Any CPU = Debug|Any CPU
		Release|Any CPU = Release|Any CPU
	EndGlobalSection
	GlobalSection(ProjectConfigurationPlatforms) = postSolution
		{614CD8DC-0BC3-4637-AB6B-634FD337644A}.Debug|Any CPU.ActiveCfg = Debug|Any CPU
		{614CD8DC-0BC3-4637-AB6B-634FD337644A}.Debug|Any CPU.Build.0 = Debug|Any CPU
		{614CD8DC-0BC3-4637-AB6B-634FD337644A}.Release|Any CPU.ActiveCfg = Release|Any CPU
		{614CD8DC-0BC3-4637-AB6B-634FD337644A}.Release|Any CPU.Build.0 = Release|Any CPU
	EndGlobalSection
	GlobalSection(SolutionProperties) = preSolution
		HideSolutionNode = FALSE
	EndGlobalSection
	GlobalSection(ExtensibilityGlobals) = postSolution
		SolutionGuid = {A4BAE495-63D4-49A2-A3A5-1C7103E59154}
	EndGlobalSection
EndGlobal
